// !$*UTF8*$!
{
	archiveVersion = 1;
	classes = {
	};
	objectVersion = 56;
	objects = {

/* Begin PBXBuildFile section */
		94BF90372A28A74300D740B2 /* AppDelegate.swift in Sources */ = {isa = PBXBuildFile; fileRef = 94BF90362A28A74300D740B2 /* AppDelegate.swift */; };
		94BF90392A28A74300D740B2 /* art.scnassets in Resources */ = {isa = PBXBuildFile; fileRef = 94BF90382A28A74300D740B2 /* art.scnassets */; };
		94BF903B2A28A74300D740B2 /* ViewController.swift in Sources */ = {isa = PBXBuildFile; fileRef = 94BF903A2A28A74300D740B2 /* ViewController.swift */; };
		94BF903E2A28A74300D740B2 /* Main.storyboard in Resources */ = {isa = PBXBuildFile; fileRef = 94BF903C2A28A74300D740B2 /* Main.storyboard */; };
		94BF90402A28A74400D740B2 /* Assets.xcassets in Resources */ = {isa = PBXBuildFile; fileRef = 94BF903F2A28A74400D740B2 /* Assets.xcassets */; };
		94BF90432A28A74400D740B2 /* LaunchScreen.storyboard in Resources */ = {isa = PBXBuildFile; fileRef = 94BF90412A28A74400D740B2 /* LaunchScreen.storyboard */; };
		94BF90702A28AF4500D740B2 /* watch-model.dae in Resources */ = {isa = PBXBuildFile; fileRef = 94BF906F2A28AF4500D740B2 /* watch-model.dae */; };
		94BF907F2A28B2D100D740B2 /* 5.tga.png in Resources */ = {isa = PBXBuildFile; fileRef = 94BF90712A28B2D000D740B2 /* 5.tga.png */; };
		94BF90802A28B2D100D740B2 /* 9.tga.png in Resources */ = {isa = PBXBuildFile; fileRef = 94BF90722A28B2D000D740B2 /* 9.tga.png */; };
		94BF90812A28B2D100D740B2 /* 11.tga.png in Resources */ = {isa = PBXBuildFile; fileRef = 94BF90732A28B2D000D740B2 /* 11.tga.png */; };
		94BF90822A28B2D100D740B2 /* chasiki4.tga.png in Resources */ = {isa = PBXBuildFile; fileRef = 94BF90742A28B2D000D740B2 /* chasiki4.tga.png */; };
		94BF90832A28B2D100D740B2 /* chasiki.tga.png in Resources */ = {isa = PBXBuildFile; fileRef = 94BF90752A28B2D000D740B2 /* chasiki.tga.png */; };
		94BF90842A28B2D100D740B2 /* 10.tga.png in Resources */ = {isa = PBXBuildFile; fileRef = 94BF90762A28B2D000D740B2 /* 10.tga.png */; };
		94BF90852A28B2D100D740B2 /* 14.tga.png in Resources */ = {isa = PBXBuildFile; fileRef = 94BF90772A28B2D000D740B2 /* 14.tga.png */; };
		94BF90862A28B2D100D740B2 /* chasiki2.tga.png in Resources */ = {isa = PBXBuildFile; fileRef = 94BF90782A28B2D100D740B2 /* chasiki2.tga.png */; };
		94BF90872A28B2D100D740B2 /* 12.tga.png in Resources */ = {isa = PBXBuildFile; fileRef = 94BF90792A28B2D100D740B2 /* 12.tga.png */; };
		94BF90882A28B2D100D740B2 /* 6.tga.png in Resources */ = {isa = PBXBuildFile; fileRef = 94BF907A2A28B2D100D740B2 /* 6.tga.png */; };
		94BF90892A28B2D100D740B2 /* 15.tga.png in Resources */ = {isa = PBXBuildFile; fileRef = 94BF907B2A28B2D100D740B2 /* 15.tga.png */; };
		94BF908A2A28B2D100D740B2 /* chasiki3.tga.png in Resources */ = {isa = PBXBuildFile; fileRef = 94BF907C2A28B2D100D740B2 /* chasiki3.tga.png */; };
		94BF908B2A28B2D100D740B2 /* cifri.tga.png in Resources */ = {isa = PBXBuildFile; fileRef = 94BF907D2A28B2D100D740B2 /* cifri.tga.png */; };
		94BF908C2A28B2D100D740B2 /* remeshok.tga.png in Resources */ = {isa = PBXBuildFile; fileRef = 94BF907E2A28B2D100D740B2 /* remeshok.tga.png */; };
		94F28F142A3091C400D7C278 /* ChangeColors.swift in Sources */ = {isa = PBXBuildFile; fileRef = 94F28F132A3091C400D7C278 /* ChangeColors.swift */; };
/* End PBXBuildFile section */

/* Begin PBXFileReference section */
		94BF90332A28A74300D740B2 /* FinalProject.app */ = {isa = PBXFileReference; explicitFileType = wrapper.application; includeInIndex = 0; path = FinalProject.app; sourceTree = BUILT_PRODUCTS_DIR; };
		94BF90362A28A74300D740B2 /* AppDelegate.swift */ = {isa = PBXFileReference; lastKnownFileType = sourcecode.swift; path = AppDelegate.swift; sourceTree = "<group>"; };
		94BF90382A28A74300D740B2 /* art.scnassets */ = {isa = PBXFileReference; lastKnownFileType = wrapper.scnassets; path = art.scnassets; sourceTree = "<group>"; };
		94BF903A2A28A74300D740B2 /* ViewController.swift */ = {isa = PBXFileReference; lastKnownFileType = sourcecode.swift; path = ViewController.swift; sourceTree = "<group>"; };
		94BF903D2A28A74300D740B2 /* Base */ = {isa = PBXFileReference; lastKnownFileType = file.storyboard; name = Base; path = Base.lproj/Main.storyboard; sourceTree = "<group>"; };
		94BF903F2A28A74400D740B2 /* Assets.xcassets */ = {isa = PBXFileReference; lastKnownFileType = folder.assetcatalog; path = Assets.xcassets; sourceTree = "<group>"; };
		94BF90422A28A74400D740B2 /* Base */ = {isa = PBXFileReference; lastKnownFileType = file.storyboard; name = Base; path = Base.lproj/LaunchScreen.storyboard; sourceTree = "<group>"; };
		94BF906F2A28AF4500D740B2 /* watch-model.dae */ = {isa = PBXFileReference; fileEncoding = 4; lastKnownFileType = text.xml.dae; name = "watch-model.dae"; path = "../../../Downloads/adding-watch-real-world-2/start/ARWatch/ARWatch/watch-model.dae"; sourceTree = "<group>"; };
		94BF90712A28B2D000D740B2 /* 5.tga.png */ = {isa = PBXFileReference; lastKnownFileType = image.png; name = 5.tga.png; path = "../../../Downloads/adding-watch-real-world-3/start/ARWatch/ARWatch/5.tga.png"; sourceTree = "<group>"; };
		94BF90722A28B2D000D740B2 /* 9.tga.png */ = {isa = PBXFileReference; lastKnownFileType = image.png; name = 9.tga.png; path = "../../../Downloads/adding-watch-real-world-3/start/ARWatch/ARWatch/9.tga.png"; sourceTree = "<group>"; };
		94BF90732A28B2D000D740B2 /* 11.tga.png */ = {isa = PBXFileReference; lastKnownFileType = image.png; name = 11.tga.png; path = "../../../Downloads/adding-watch-real-world-3/start/ARWatch/ARWatch/11.tga.png"; sourceTree = "<group>"; };
		94BF90742A28B2D000D740B2 /* chasiki4.tga.png */ = {isa = PBXFileReference; lastKnownFileType = image.png; name = chasiki4.tga.png; path = "../../../Downloads/adding-watch-real-world-3/start/ARWatch/ARWatch/chasiki4.tga.png"; sourceTree = "<group>"; };
		94BF90752A28B2D000D740B2 /* chasiki.tga.png */ = {isa = PBXFileReference; lastKnownFileType = image.png; name = chasiki.tga.png; path = "../../../Downloads/adding-watch-real-world-3/start/ARWatch/ARWatch/chasiki.tga.png"; sourceTree = "<group>"; };
		94BF90762A28B2D000D740B2 /* 10.tga.png */ = {isa = PBXFileReference; lastKnownFileType = image.png; name = 10.tga.png; path = "../../../Downloads/adding-watch-real-world-3/start/ARWatch/ARWatch/10.tga.png"; sourceTree = "<group>"; };
		94BF90772A28B2D000D740B2 /* 14.tga.png */ = {isa = PBXFileReference; lastKnownFileType = image.png; name = 14.tga.png; path = "../../../Downloads/adding-watch-real-world-3/start/ARWatch/ARWatch/14.tga.png"; sourceTree = "<group>"; };
		94BF90782A28B2D100D740B2 /* chasiki2.tga.png */ = {isa = PBXFileReference; lastKnownFileType = image.png; name = chasiki2.tga.png; path = "../../../Downloads/adding-watch-real-world-3/start/ARWatch/ARWatch/chasiki2.tga.png"; sourceTree = "<group>"; };
		94BF90792A28B2D100D740B2 /* 12.tga.png */ = {isa = PBXFileReference; lastKnownFileType = image.png; name = 12.tga.png; path = "../../../Downloads/adding-watch-real-world-3/start/ARWatch/ARWatch/12.tga.png"; sourceTree = "<group>"; };
		94BF907A2A28B2D100D740B2 /* 6.tga.png */ = {isa = PBXFileReference; lastKnownFileType = image.png; name = 6.tga.png; path = "../../../Downloads/adding-watch-real-world-3/start/ARWatch/ARWatch/6.tga.png"; sourceTree = "<group>"; };
		94BF907B2A28B2D100D740B2 /* 15.tga.png */ = {isa = PBXFileReference; lastKnownFileType = image.png; name = 15.tga.png; path = "../../../Downloads/adding-watch-real-world-3/start/ARWatch/ARWatch/15.tga.png"; sourceTree = "<group>"; };
		94BF907C2A28B2D100D740B2 /* chasiki3.tga.png */ = {isa = PBXFileReference; lastKnownFileType = image.png; name = chasiki3.tga.png; path = "../../../Downloads/adding-watch-real-world-3/start/ARWatch/ARWatch/chasiki3.tga.png"; sourceTree = "<group>"; };
		94BF907D2A28B2D100D740B2 /* cifri.tga.png */ = {isa = PBXFileReference; lastKnownFileType = image.png; name = cifri.tga.png; path = "../../../Downloads/adding-watch-real-world-3/start/ARWatch/ARWatch/cifri.tga.png"; sourceTree = "<group>"; };
		94BF907E2A28B2D100D740B2 /* remeshok.tga.png */ = {isa = PBXFileReference; lastKnownFileType = image.png; name = remeshok.tga.png; path = "../../../Downloads/adding-watch-real-world-3/start/ARWatch/ARWatch/remeshok.tga.png"; sourceTree = "<group>"; };
		94F28F132A3091C400D7C278 /* ChangeColors.swift */ = {isa = PBXFileReference; lastKnownFileType = sourcecode.swift; path = ChangeColors.swift; sourceTree = "<group>"; };
/* End PBXFileReference section */

/* Begin PBXFrameworksBuildPhase section */
		94BF90302A28A74300D740B2 /* Frameworks */ = {
			isa = PBXFrameworksBuildPhase;
			buildActionMask = 2147483647;
			files = (
			);
			runOnlyForDeploymentPostprocessing = 0;
		};
/* End PBXFrameworksBuildPhase section */

/* Begin PBXGroup section */
		94BF902A2A28A74300D740B2 = {
			isa = PBXGroup;
			children = (
				94BF90352A28A74300D740B2 /* FinalProject */,
				94BF90342A28A74300D740B2 /* Products */,
			);
			sourceTree = "<group>";
		};
		94BF90342A28A74300D740B2 /* Products */ = {
			isa = PBXGroup;
			children = (
				94BF90332A28A74300D740B2 /* FinalProject.app */,
			);
			name = Products;
			sourceTree = "<group>";
		};
		94BF90352A28A74300D740B2 /* FinalProject */ = {
			isa = PBXGroup;
			children = (
				94F28F122A30916300D7C278 /* changesColor */,
				94BF90362A28A74300D740B2 /* AppDelegate.swift */,
				94BF903A2A28A74300D740B2 /* ViewController.swift */,
				94BF90382A28A74300D740B2 /* art.scnassets */,
				94BF903C2A28A74300D740B2 /* Main.storyboard */,
				94BF906F2A28AF4500D740B2 /* watch-model.dae */,
				94BF90712A28B2D000D740B2 /* 5.tga.png */,
				94BF907A2A28B2D100D740B2 /* 6.tga.png */,
				94BF90722A28B2D000D740B2 /* 9.tga.png */,
				94BF90762A28B2D000D740B2 /* 10.tga.png */,
				94BF90732A28B2D000D740B2 /* 11.tga.png */,
				94BF90792A28B2D100D740B2 /* 12.tga.png */,
				94BF90772A28B2D000D740B2 /* 14.tga.png */,
				94BF907B2A28B2D100D740B2 /* 15.tga.png */,
				94BF90752A28B2D000D740B2 /* chasiki.tga.png */,
				94BF90782A28B2D100D740B2 /* chasiki2.tga.png */,
				94BF907C2A28B2D100D740B2 /* chasiki3.tga.png */,
				94BF90742A28B2D000D740B2 /* chasiki4.tga.png */,
				94BF907D2A28B2D100D740B2 /* cifri.tga.png */,
				94BF907E2A28B2D100D740B2 /* remeshok.tga.png */,
				94BF903F2A28A74400D740B2 /* Assets.xcassets */,
				94BF90412A28A74400D740B2 /* LaunchScreen.storyboard */,
			);
			path = FinalProject;
			sourceTree = "<group>";
		};
		94F28F122A30916300D7C278 /* changesColor */ = {
			isa = PBXGroup;
			children = (
				94F28F132A3091C400D7C278 /* ChangeColors.swift */,
			);
			path = changesColor;
			sourceTree = "<group>";
		};
/* End PBXGroup section */

/* Begin PBXNativeTarget section */
		94BF90322A28A74300D740B2 /* FinalProject */ = {
			isa = PBXNativeTarget;
			buildConfigurationList = 94BF90462A28A74400D740B2 /* Build configuration list for PBXNativeTarget "FinalProject" */;
			buildPhases = (
				94BF902F2A28A74300D740B2 /* Sources */,
				94BF90302A28A74300D740B2 /* Frameworks */,
				94BF90312A28A74300D740B2 /* Resources */,
			);
			buildRules = (
			);
			dependencies = (
			);
			name = FinalProject;
			productName = FinalProject;
			productReference = 94BF90332A28A74300D740B2 /* FinalProject.app */;
			productType = "com.apple.product-type.application";
		};
/* End PBXNativeTarget section */

/* Begin PBXProject section */
		94BF902B2A28A74300D740B2 /* Project object */ = {
			isa = PBXProject;
			attributes = {
				BuildIndependentTargetsInParallel = 1;
				LastSwiftUpdateCheck = 1430;
				LastUpgradeCheck = 1430;
				TargetAttributes = {
					94BF90322A28A74300D740B2 = {
						CreatedOnToolsVersion = 14.3;
					};
				};
			};
			buildConfigurationList = 94BF902E2A28A74300D740B2 /* Build configuration list for PBXProject "FinalProject" */;
			compatibilityVersion = "Xcode 14.0";
			developmentRegion = en;
			hasScannedForEncodings = 0;
			knownRegions = (
				en,
				Base,
			);
			mainGroup = 94BF902A2A28A74300D740B2;
			productRefGroup = 94BF90342A28A74300D740B2 /* Products */;
			projectDirPath = "";
			projectRoot = "";
			targets = (
				94BF90322A28A74300D740B2 /* FinalProject */,
			);
		};
/* End PBXProject section */

/* Begin PBXResourcesBuildPhase section */
		94BF90312A28A74300D740B2 /* Resources */ = {
			isa = PBXResourcesBuildPhase;
			buildActionMask = 2147483647;
			files = (
				94BF90852A28B2D100D740B2 /* 14.tga.png in Resources */,
				94BF90702A28AF4500D740B2 /* watch-model.dae in Resources */,
				94BF90882A28B2D100D740B2 /* 6.tga.png in Resources */,
				94BF90812A28B2D100D740B2 /* 11.tga.png in Resources */,
				94BF908C2A28B2D100D740B2 /* remeshok.tga.png in Resources */,
				94BF908A2A28B2D100D740B2 /* chasiki3.tga.png in Resources */,
				94BF907F2A28B2D100D740B2 /* 5.tga.png in Resources */,
				94BF90392A28A74300D740B2 /* art.scnassets in Resources */,
				94BF90832A28B2D100D740B2 /* chasiki.tga.png in Resources */,
				94BF90432A28A74400D740B2 /* LaunchScreen.storyboard in Resources */,
				94BF90802A28B2D100D740B2 /* 9.tga.png in Resources */,
				94BF90402A28A74400D740B2 /* Assets.xcassets in Resources */,
				94BF908B2A28B2D100D740B2 /* cifri.tga.png in Resources */,
				94BF90842A28B2D100D740B2 /* 10.tga.png in Resources */,
				94BF90822A28B2D100D740B2 /* chasiki4.tga.png in Resources */,
				94BF903E2A28A74300D740B2 /* Main.storyboard in Resources */,
				94BF90892A28B2D100D740B2 /* 15.tga.png in Resources */,
				94BF90872A28B2D100D740B2 /* 12.tga.png in Resources */,
				94BF90862A28B2D100D740B2 /* chasiki2.tga.png in Resources */,
			);
			runOnlyForDeploymentPostprocessing = 0;
		};
/* End PBXResourcesBuildPhase section */

/* Begin PBXSourcesBuildPhase section */
		94BF902F2A28A74300D740B2 /* Sources */ = {
			isa = PBXSourcesBuildPhase;
			buildActionMask = 2147483647;
			files = (
				94BF903B2A28A74300D740B2 /* ViewController.swift in Sources */,
				94F28F142A3091C400D7C278 /* ChangeColors.swift in Sources */,
				94BF90372A28A74300D740B2 /* AppDelegate.swift in Sources */,
			);
			runOnlyForDeploymentPostprocessing = 0;
		};
/* End PBXSourcesBuildPhase section */

/* Begin PBXVariantGroup section */
		94BF903C2A28A74300D740B2 /* Main.storyboard */ = {
			isa = PBXVariantGroup;
			children = (
				94BF903D2A28A74300D740B2 /* Base */,
			);
			name = Main.storyboard;
			sourceTree = "<group>";
		};
		94BF90412A28A74400D740B2 /* LaunchScreen.storyboard */ = {
			isa = PBXVariantGroup;
			children = (
				94BF90422A28A74400D740B2 /* Base */,
			);
			name = LaunchScreen.storyboard;
			sourceTree = "<group>";
		};
/* End PBXVariantGroup section */

/* Begin XCBuildConfiguration section */
		94BF90442A28A74400D740B2 /* Debug */ = {
			isa = XCBuildConfiguration;
			buildSettings = {
				ALWAYS_SEARCH_USER_PATHS = NO;
				CLANG_ANALYZER_NONNULL = YES;
				CLANG_ANALYZER_NUMBER_OBJECT_CONVERSION = YES_AGGRESSIVE;
				CLANG_CXX_LANGUAGE_STANDARD = "gnu++20";
				CLANG_ENABLE_MODULES = YES;
				CLANG_ENABLE_OBJC_ARC = YES;
				CLANG_ENABLE_OBJC_WEAK = YES;
				CLANG_WARN_BLOCK_CAPTURE_AUTORELEASING = YES;
				CLANG_WARN_BOOL_CONVERSION = YES;
				CLANG_WARN_COMMA = YES;
				CLANG_WARN_CONSTANT_CONVERSION = YES;
				CLANG_WARN_DEPRECATED_OBJC_IMPLEMENTATIONS = YES;
				CLANG_WARN_DIRECT_OBJC_ISA_USAGE = YES_ERROR;
				CLANG_WARN_DOCUMENTATION_COMMENTS = YES;
				CLANG_WARN_EMPTY_BODY = YES;
				CLANG_WARN_ENUM_CONVERSION = YES;
				CLANG_WARN_INFINITE_RECURSION = YES;
				CLANG_WARN_INT_CONVERSION = YES;
				CLANG_WARN_NON_LITERAL_NULL_CONVERSION = YES;
				CLANG_WARN_OBJC_IMPLICIT_RETAIN_SELF = YES;
				CLANG_WARN_OBJC_LITERAL_CONVERSION = YES;
				CLANG_WARN_OBJC_ROOT_CLASS = YES_ERROR;
				CLANG_WARN_QUOTED_INCLUDE_IN_FRAMEWORK_HEADER = YES;
				CLANG_WARN_RANGE_LOOP_ANALYSIS = YES;
				CLANG_WARN_STRICT_PROTOTYPES = YES;
				CLANG_WARN_SUSPICIOUS_MOVE = YES;
				CLANG_WARN_UNGUARDED_AVAILABILITY = YES_AGGRESSIVE;
				CLANG_WARN_UNREACHABLE_CODE = YES;
				CLANG_WARN__DUPLICATE_METHOD_MATCH = YES;
				COPY_PHASE_STRIP = NO;
				DEBUG_INFORMATION_FORMAT = dwarf;
				ENABLE_STRICT_OBJC_MSGSEND = YES;
				ENABLE_TESTABILITY = YES;
				GCC_C_LANGUAGE_STANDARD = gnu11;
				GCC_DYNAMIC_NO_PIC = NO;
				GCC_NO_COMMON_BLOCKS = YES;
				GCC_OPTIMIZATION_LEVEL = 0;
				GCC_PREPROCESSOR_DEFINITIONS = (
					"DEBUG=1",
					"$(inherited)",
				);
				GCC_WARN_64_TO_32_BIT_CONVERSION = YES;
				GCC_WARN_ABOUT_RETURN_TYPE = YES_ERROR;
				GCC_WARN_UNDECLARED_SELECTOR = YES;
				GCC_WARN_UNINITIALIZED_AUTOS = YES_AGGRESSIVE;
				GCC_WARN_UNUSED_FUNCTION = YES;
				GCC_WARN_UNUSED_VARIABLE = YES;
				IPHONEOS_DEPLOYMENT_TARGET = 16.4;
				MTL_ENABLE_DEBUG_INFO = INCLUDE_SOURCE;
				MTL_FAST_MATH = YES;
				ONLY_ACTIVE_ARCH = YES;
				SDKROOT = iphoneos;
				SWIFT_ACTIVE_COMPILATION_CONDITIONS = DEBUG;
				SWIFT_OPTIMIZATION_LEVEL = "-Onone";
			};
			name = Debug;
		};
		94BF90452A28A74400D740B2 /* Release */ = {
			isa = XCBuildConfiguration;
			buildSettings = {
				ALWAYS_SEARCH_USER_PATHS = NO;
				CLANG_ANALYZER_NONNULL = YES;
				CLANG_ANALYZER_NUMBER_OBJECT_CONVERSION = YES_AGGRESSIVE;
				CLANG_CXX_LANGUAGE_STANDARD = "gnu++20";
				CLANG_ENABLE_MODULES = YES;
				CLANG_ENABLE_OBJC_ARC = YES;
				CLANG_ENABLE_OBJC_WEAK = YES;
				CLANG_WARN_BLOCK_CAPTURE_AUTORELEASING = YES;
				CLANG_WARN_BOOL_CONVERSION = YES;
				CLANG_WARN_COMMA = YES;
				CLANG_WARN_CONSTANT_CONVERSION = YES;
				CLANG_WARN_DEPRECATED_OBJC_IMPLEMENTATIONS = YES;
				CLANG_WARN_DIRECT_OBJC_ISA_USAGE = YES_ERROR;
				CLANG_WARN_DOCUMENTATION_COMMENTS = YES;
				CLANG_WARN_EMPTY_BODY = YES;
				CLANG_WARN_ENUM_CONVERSION = YES;
				CLANG_WARN_INFINITE_RECURSION = YES;
				CLANG_WARN_INT_CONVERSION = YES;
				CLANG_WARN_NON_LITERAL_NULL_CONVERSION = YES;
				CLANG_WARN_OBJC_IMPLICIT_RETAIN_SELF = YES;
				CLANG_WARN_OBJC_LITERAL_CONVERSION = YES;
				CLANG_WARN_OBJC_ROOT_CLASS = YES_ERROR;
				CLANG_WARN_QUOTED_INCLUDE_IN_FRAMEWORK_HEADER = YES;
				CLANG_WARN_RANGE_LOOP_ANALYSIS = YES;
				CLANG_WARN_STRICT_PROTOTYPES = YES;
				CLANG_WARN_SUSPICIOUS_MOVE = YES;
				CLANG_WARN_UNGUARDED_AVAILABILITY = YES_AGGRESSIVE;
				CLANG_WARN_UNREACHABLE_CODE = YES;
				CLANG_WARN__DUPLICATE_METHOD_MATCH = YES;
				COPY_PHASE_STRIP = NO;
				DEBUG_INFORMATION_FORMAT = "dwarf-with-dsym";
				ENABLE_NS_ASSERTIONS = NO;
				ENABLE_STRICT_OBJC_MSGSEND = YES;
				GCC_C_LANGUAGE_STANDARD = gnu11;
				GCC_NO_COMMON_BLOCKS = YES;
				GCC_WARN_64_TO_32_BIT_CONVERSION = YES;
				GCC_WARN_ABOUT_RETURN_TYPE = YES_ERROR;
				GCC_WARN_UNDECLARED_SELECTOR = YES;
				GCC_WARN_UNINITIALIZED_AUTOS = YES_AGGRESSIVE;
				GCC_WARN_UNUSED_FUNCTION = YES;
				GCC_WARN_UNUSED_VARIABLE = YES;
				IPHONEOS_DEPLOYMENT_TARGET = 16.4;
				MTL_ENABLE_DEBUG_INFO = NO;
				MTL_FAST_MATH = YES;
				SDKROOT = iphoneos;
				SWIFT_COMPILATION_MODE = wholemodule;
				SWIFT_OPTIMIZATION_LEVEL = "-O";
				VALIDATE_PRODUCT = YES;
			};
			name = Release;
		};
		94BF90472A28A74400D740B2 /* Debug */ = {
			isa = XCBuildConfiguration;
			buildSettings = {
				ASSETCATALOG_COMPILER_APPICON_NAME = AppIcon;
				ASSETCATALOG_COMPILER_GLOBAL_ACCENT_COLOR_NAME = AccentColor;
				CODE_SIGN_STYLE = Automatic;
				CURRENT_PROJECT_VERSION = 1;
				DEVELOPMENT_TEAM = 59JH8NQ7HS;
				GENERATE_INFOPLIST_FILE = YES;
				INFOPLIST_KEY_NSCameraUsageDescription = "";
				INFOPLIST_KEY_UIApplicationSupportsIndirectInputEvents = YES;
				INFOPLIST_KEY_UILaunchStoryboardName = LaunchScreen;
				INFOPLIST_KEY_UIMainStoryboardFile = Main;
				INFOPLIST_KEY_UIRequiredDeviceCapabilities = arkit;
				INFOPLIST_KEY_UIStatusBarHidden = YES;
				INFOPLIST_KEY_UISupportedInterfaceOrientations_iPad = "UIInterfaceOrientationPortrait UIInterfaceOrientationPortraitUpsideDown UIInterfaceOrientationLandscapeLeft UIInterfaceOrientationLandscapeRight";
				INFOPLIST_KEY_UISupportedInterfaceOrientations_iPhone = "UIInterfaceOrientationPortrait UIInterfaceOrientationLandscapeLeft UIInterfaceOrientationLandscapeRight";
				IPHONEOS_DEPLOYMENT_TARGET = 13.0;
				LD_RUNPATH_SEARCH_PATHS = (
					"$(inherited)",
					"@executable_path/Frameworks",
				);
				MARKETING_VERSION = 1.0;
				PRODUCT_BUNDLE_IDENTIFIER = ryan.FinalProject;
				PRODUCT_NAME = "$(TARGET_NAME)";
				SWIFT_EMIT_LOC_STRINGS = YES;
				SWIFT_VERSION = 5.0;
				TARGETED_DEVICE_FAMILY = "1,2";
			};
			name = Debug;
		};
		94BF90482A28A74400D740B2 /* Release */ = {
			isa = XCBuildConfiguration;
			buildSettings = {
				ASSETCATALOG_COMPILER_APPICON_NAME = AppIcon;
				ASSETCATALOG_COMPILER_GLOBAL_ACCENT_COLOR_NAME = AccentColor;
				CODE_SIGN_STYLE = Automatic;
				CURRENT_PROJECT_VERSION = 1;
				DEVELOPMENT_TEAM = 59JH8NQ7HS;
				GENERATE_INFOPLIST_FILE = YES;
				INFOPLIST_KEY_NSCameraUsageDescription = "";
				INFOPLIST_KEY_UIApplicationSupportsIndirectInputEvents = YES;
				INFOPLIST_KEY_UILaunchStoryboardName = LaunchScreen;
				INFOPLIST_KEY_UIMainStoryboardFile = Main;
				INFOPLIST_KEY_UIRequiredDeviceCapabilities = arkit;
				INFOPLIST_KEY_UIStatusBarHidden = YES;
				INFOPLIST_KEY_UISupportedInterfaceOrientations_iPad = "UIInterfaceOrientationPortrait UIInterfaceOrientationPortraitUpsideDown UIInterfaceOrientationLandscapeLeft UIInterfaceOrientationLandscapeRight";
				INFOPLIST_KEY_UISupportedInterfaceOrientations_iPhone = "UIInterfaceOrientationPortrait UIInterfaceOrientationLandscapeLeft UIInterfaceOrientationLandscapeRight";
				IPHONEOS_DEPLOYMENT_TARGET = 13.0;
				LD_RUNPATH_SEARCH_PATHS = (
					"$(inherited)",
					"@executable_path/Frameworks",
				);
				MARKETING_VERSION = 1.0;
				PRODUCT_BUNDLE_IDENTIFIER = ryan.FinalProject;
				PRODUCT_NAME = "$(TARGET_NAME)";
				SWIFT_EMIT_LOC_STRINGS = YES;
				SWIFT_VERSION = 5.0;
				TARGETED_DEVICE_FAMILY = "1,2";
			};
			name = Release;
		};
/* End XCBuildConfiguration section */

/* Begin XCConfigurationList section */
		94BF902E2A28A74300D740B2 /* Build configuration list for PBXProject "FinalProject" */ = {
			isa = XCConfigurationList;
			buildConfigurations = (
				94BF90442A28A74400D740B2 /* Debug */,
				94BF90452A28A74400D740B2 /* Release */,
			);
			defaultConfigurationIsVisible = 0;
			defaultConfigurationName = Release;
		};
		94BF90462A28A74400D740B2 /* Build configuration list for PBXNativeTarget "FinalProject" */ = {
			isa = XCConfigurationList;
			buildConfigurations = (
				94BF90472A28A74400D740B2 /* Debug */,
				94BF90482A28A74400D740B2 /* Release */,
			);
			defaultConfigurationIsVisible = 0;
			defaultConfigurationName = Release;
		};
/* End XCConfigurationList section */
	};
	rootObject = 94BF902B2A28A74300D740B2 /* Project object */;
}
